{
  "name": "lorem_ipsum_daily_proj",
  "version": "1.0.0",
  "lockfileVersion": 1,
  "dependencies": {
    "expres": {
      "version": "0.0.5",
      "resolved": "https://registry.npmjs.org/expres/-/expres-0.0.5.tgz",
      "integrity": "sha1-v0SEdJ+DkgyxFta69tojAiDR+5w="
    },
    "lorem-ipsum": {
      "version": "1.0.4",
      "resolved": "https://registry.npmjs.org/lorem-ipsum/-/lorem-ipsum-1.0.4.tgz",
      "integrity": "sha1-MLcqOx4ZH1UGKvjH36spGuT72RI="
    },
    "optimist": {
      "version": "0.3.7",
      "resolved": "https://registry.npmjs.org/optimist/-/optimist-0.3.7.tgz",
      "integrity": "sha1-yQlBrVnkJzMokjB00s8ufLxuwNk="
    },
    "wordwrap": {
      "version": "0.0.3",
      "resolved": "https://registry.npmjs.org/wordwrap/-/wordwrap-0.0.3.tgz",
      "integrity": "sha1-o9XabNXAvAAI03I0u68b7WMFkQc="
    }
  }
}
